// !$*UTF8*$!
{
	archiveVersion = 1;
	classes = {
	};
	objectVersion = 50;
	objects = {

/* Begin PBXBuildFile section */
		1D58E03526EFF4410072D1D0 /* BranchViewController.swift in Sources */ = {isa = PBXBuildFile; fileRef = 1D58E03426EFF4410072D1D0 /* BranchViewController.swift */; };
		1D58E03726F01BDF0072D1D0 /* Figure.swift in Sources */ = {isa = PBXBuildFile; fileRef = 1D58E03626F01BDF0072D1D0 /* Figure.swift */; };
		1D58E03926F02E3E0072D1D0 /* CalculationsViewController.swift in Sources */ = {isa = PBXBuildFile; fileRef = 1D58E03826F02E3E0072D1D0 /* CalculationsViewController.swift */; };
		438DD74926EE84C000F3BC30 /* AppDelegate.swift in Sources */ = {isa = PBXBuildFile; fileRef = 438DD74826EE84C000F3BC30 /* AppDelegate.swift */; };
		438DD74B26EE84C000F3BC30 /* SceneDelegate.swift in Sources */ = {isa = PBXBuildFile; fileRef = 438DD74A26EE84C000F3BC30 /* SceneDelegate.swift */; };
		438DD74D26EE84C000F3BC30 /* ViewController.swift in Sources */ = {isa = PBXBuildFile; fileRef = 438DD74C26EE84C000F3BC30 /* ViewController.swift */; };
		438DD75026EE84C000F3BC30 /* Main.storyboard in Resources */ = {isa = PBXBuildFile; fileRef = 438DD74E26EE84C000F3BC30 /* Main.storyboard */; };
		438DD75226EE84C200F3BC30 /* Assets.xcassets in Resources */ = {isa = PBXBuildFile; fileRef = 438DD75126EE84C200F3BC30 /* Assets.xcassets */; };
		438DD75526EE84C200F3BC30 /* LaunchScreen.storyboard in Resources */ = {isa = PBXBuildFile; fileRef = 438DD75326EE84C200F3BC30 /* LaunchScreen.storyboard */; };
/* End PBXBuildFile section */

/* Begin PBXFileReference section */
		1D58E03426EFF4410072D1D0 /* BranchViewController.swift */ = {isa = PBXFileReference; lastKnownFileType = sourcecode.swift; path = BranchViewController.swift; sourceTree = "<group>"; };
		1D58E03626F01BDF0072D1D0 /* Figure.swift */ = {isa = PBXFileReference; lastKnownFileType = sourcecode.swift; path = Figure.swift; sourceTree = "<group>"; };
		1D58E03826F02E3E0072D1D0 /* CalculationsViewController.swift */ = {isa = PBXFileReference; lastKnownFileType = sourcecode.swift; path = CalculationsViewController.swift; sourceTree = "<group>"; };
		438DD74526EE84C000F3BC30 /* CalculationOfFigureApp.app */ = {isa = PBXFileReference; explicitFileType = wrapper.application; includeInIndex = 0; path = CalculationOfFigureApp.app; sourceTree = BUILT_PRODUCTS_DIR; };
		438DD74826EE84C000F3BC30 /* AppDelegate.swift */ = {isa = PBXFileReference; lastKnownFileType = sourcecode.swift; path = AppDelegate.swift; sourceTree = "<group>"; };
		438DD74A26EE84C000F3BC30 /* SceneDelegate.swift */ = {isa = PBXFileReference; lastKnownFileType = sourcecode.swift; path = SceneDelegate.swift; sourceTree = "<group>"; };
		438DD74C26EE84C000F3BC30 /* ViewController.swift */ = {isa = PBXFileReference; lastKnownFileType = sourcecode.swift; path = ViewController.swift; sourceTree = "<group>"; };
		438DD74F26EE84C000F3BC30 /* Base */ = {isa = PBXFileReference; lastKnownFileType = file.storyboard; name = Base; path = Base.lproj/Main.storyboard; sourceTree = "<group>"; };
		438DD75126EE84C200F3BC30 /* Assets.xcassets */ = {isa = PBXFileReference; lastKnownFileType = folder.assetcatalog; path = Assets.xcassets; sourceTree = "<group>"; };
		438DD75426EE84C200F3BC30 /* Base */ = {isa = PBXFileReference; lastKnownFileType = file.storyboard; name = Base; path = Base.lproj/LaunchScreen.storyboard; sourceTree = "<group>"; };
		438DD75626EE84C200F3BC30 /* Info.plist */ = {isa = PBXFileReference; lastKnownFileType = text.plist.xml; path = Info.plist; sourceTree = "<group>"; };
/* End PBXFileReference section */

/* Begin PBXFrameworksBuildPhase section */
		438DD74226EE84C000F3BC30 /* Frameworks */ = {
			isa = PBXFrameworksBuildPhase;
			buildActionMask = 2147483647;
			files = (
			);
			runOnlyForDeploymentPostprocessing = 0;
		};
/* End PBXFrameworksBuildPhase section */

/* Begin PBXGroup section */
		438DD73C26EE84C000F3BC30 = {
			isa = PBXGroup;
			children = (
				438DD74726EE84C000F3BC30 /* CalculationOfFigureApp */,
				438DD74626EE84C000F3BC30 /* Products */,
			);
			sourceTree = "<group>";
		};
		438DD74626EE84C000F3BC30 /* Products */ = {
			isa = PBXGroup;
			children = (
				438DD74526EE84C000F3BC30 /* CalculationOfFigureApp.app */,
			);
			name = Products;
			sourceTree = "<group>";
		};
		438DD74726EE84C000F3BC30 /* CalculationOfFigureApp */ = {
			isa = PBXGroup;
			children = (
				438DD74826EE84C000F3BC30 /* AppDelegate.swift */,
				438DD74A26EE84C000F3BC30 /* SceneDelegate.swift */,
				438DD74C26EE84C000F3BC30 /* ViewController.swift */,
				1D58E03426EFF4410072D1D0 /* BranchViewController.swift */,
				1D58E03826F02E3E0072D1D0 /* CalculationsViewController.swift */,
				1D58E03626F01BDF0072D1D0 /* Figure.swift */,
				438DD74E26EE84C000F3BC30 /* Main.storyboard */,
				438DD75126EE84C200F3BC30 /* Assets.xcassets */,
				438DD75326EE84C200F3BC30 /* LaunchScreen.storyboard */,
				438DD75626EE84C200F3BC30 /* Info.plist */,
			);
			path = CalculationOfFigureApp;
			sourceTree = "<group>";
		};
/* End PBXGroup section */

/* Begin PBXNativeTarget section */
		438DD74426EE84C000F3BC30 /* CalculationOfFigureApp */ = {
			isa = PBXNativeTarget;
			buildConfigurationList = 438DD75926EE84C200F3BC30 /* Build configuration list for PBXNativeTarget "CalculationOfFigureApp" */;
			buildPhases = (
				438DD74126EE84C000F3BC30 /* Sources */,
				438DD74226EE84C000F3BC30 /* Frameworks */,
				438DD74326EE84C000F3BC30 /* Resources */,
			);
			buildRules = (
			);
			dependencies = (
			);
			name = CalculationOfFigureApp;
			productName = CalculationOfFigureApp;
			productReference = 438DD74526EE84C000F3BC30 /* CalculationOfFigureApp.app */;
			productType = "com.apple.product-type.application";
		};
/* End PBXNativeTarget section */

/* Begin PBXProject section */
		438DD73D26EE84C000F3BC30 /* Project object */ = {
			isa = PBXProject;
			attributes = {
				LastSwiftUpdateCheck = 1250;
				LastUpgradeCheck = 1250;
				TargetAttributes = {
					438DD74426EE84C000F3BC30 = {
						CreatedOnToolsVersion = 12.5.1;
					};
				};
			};
			buildConfigurationList = 438DD74026EE84C000F3BC30 /* Build configuration list for PBXProject "CalculationOfFigureApp" */;
			compatibilityVersion = "Xcode 9.3";
			developmentRegion = en;
			hasScannedForEncodings = 0;
			knownRegions = (
				en,
				Base,
			);
			mainGroup = 438DD73C26EE84C000F3BC30;
			productRefGroup = 438DD74626EE84C000F3BC30 /* Products */;
			projectDirPath = "";
			projectRoot = "";
			targets = (
				438DD74426EE84C000F3BC30 /* CalculationOfFigureApp */,
			);
		};
/* End PBXProject section */

/* Begin PBXResourcesBuildPhase section */
		438DD74326EE84C000F3BC30 /* Resources */ = {
			isa = PBXResourcesBuildPhase;
			buildActionMask = 2147483647;
			files = (
				438DD75526EE84C200F3BC30 /* LaunchScreen.storyboard in Resources */,
				438DD75226EE84C200F3BC30 /* Assets.xcassets in Resources */,
				438DD75026EE84C000F3BC30 /* Main.storyboard in Resources */,
			);
			runOnlyForDeploymentPostprocessing = 0;
		};
/* End PBXResourcesBuildPhase section */

/* Begin PBXSourcesBuildPhase section */
		438DD74126EE84C000F3BC30 /* Sources */ = {
			isa = PBXSourcesBuildPhase;
			buildActionMask = 2147483647;
			files = (
				438DD74D26EE84C000F3BC30 /* ViewController.swift in Sources */,
				438DD74926EE84C000F3BC30 /* AppDelegate.swift in Sources */,
				1D58E03526EFF4410072D1D0 /* BranchViewController.swift in Sources */,
				1D58E03726F01BDF0072D1D0 /* Figure.swift in Sources */,
				1D58E03926F02E3E0072D1D0 /* CalculationsViewController.swift in Sources */,
				438DD74B26EE84C000F3BC30 /* SceneDelegate.swift in Sources */,
			);
			runOnlyForDeploymentPostprocessing = 0;
		};
/* End PBXSourcesBuildPhase section */

/* Begin PBXVariantGroup section */
		438DD74E26EE84C000F3BC30 /* Main.storyboard */ = {
			isa = PBXVariantGroup;
			children = (
				438DD74F26EE84C000F3BC30 /* Base */,
			);
			name = Main.storyboard;
			sourceTree = "<group>";
		};
		438DD75326EE84C200F3BC30 /* LaunchScreen.storyboard */ = {
			isa = PBXVariantGroup;
			children = (
				438DD75426EE84C200F3BC30 /* Base */,
			);
			name = LaunchScreen.storyboard;
			sourceTree = "<group>";
		};
/* End PBXVariantGroup section */

/* Begin XCBuildConfiguration section */
		438DD75726EE84C200F3BC30 /* Debug */ = {
			isa = XCBuildConfiguration;
			buildSettings = {
				ALWAYS_SEARCH_USER_PATHS = NO;
				CLANG_ANALYZER_NONNULL = YES;
				CLANG_ANALYZER_NUMBER_OBJECT_CONVERSION = YES_AGGRESSIVE;
				CLANG_CXX_LANGUAGE_STANDARD = "gnu++14";
				CLANG_CXX_LIBRARY = "libc++";
				CLANG_ENABLE_MODULES = YES;
				CLANG_ENABLE_OBJC_ARC = YES;
				CLANG_ENABLE_OBJC_WEAK = YES;
				CLANG_WARN_BLOCK_CAPTURE_AUTORELEASING = YES;
				CLANG_WARN_BOOL_CONVERSION = YES;
				CLANG_WARN_COMMA = YES;
				CLANG_WARN_CONSTANT_CONVERSION = YES;
				CLANG_WARN_DEPRECATED_OBJC_IMPLEMENTATIONS = YES;
				CLANG_WARN_DIRECT_OBJC_ISA_USAGE = YES_ERROR;
				CLANG_WARN_DOCUMENTATION_COMMENTS = YES;
				CLANG_WARN_EMPTY_BODY = YES;
				CLANG_WARN_ENUM_CONVERSION = YES;
				CLANG_WARN_INFINITE_RECURSION = YES;
				CLANG_WARN_INT_CONVERSION = YES;
				CLANG_WARN_NON_LITERAL_NULL_CONVERSION = YES;
				CLANG_WARN_OBJC_IMPLICIT_RETAIN_SELF = YES;
				CLANG_WARN_OBJC_LITERAL_CONVERSION = YES;
				CLANG_WARN_OBJC_ROOT_CLASS = YES_ERROR;
				CLANG_WARN_QUOTED_INCLUDE_IN_FRAMEWORK_HEADER = YES;
				CLANG_WARN_RANGE_LOOP_ANALYSIS = YES;
				CLANG_WARN_STRICT_PROTOTYPES = YES;
				CLANG_WARN_SUSPICIOUS_MOVE = YES;
				CLANG_WARN_UNGUARDED_AVAILABILITY = YES_AGGRESSIVE;
				CLANG_WARN_UNREACHABLE_CODE = YES;
				CLANG_WARN__DUPLICATE_METHOD_MATCH = YES;
				COPY_PHASE_STRIP = NO;
				DEBUG_INFORMATION_FORMAT = dwarf;
				ENABLE_STRICT_OBJC_MSGSEND = YES;
				ENABLE_TESTABILITY = YES;
				GCC_C_LANGUAGE_STANDARD = gnu11;
				GCC_DYNAMIC_NO_PIC = NO;
				GCC_NO_COMMON_BLOCKS = YES;
				GCC_OPTIMIZATION_LEVEL = 0;
				GCC_PREPROCESSOR_DEFINITIONS = (
					"DEBUG=1",
					"$(inherited)",
				);
				GCC_WARN_64_TO_32_BIT_CONVERSION = YES;
				GCC_WARN_ABOUT_RETURN_TYPE = YES_ERROR;
				GCC_WARN_UNDECLARED_SELECTOR = YES;
				GCC_WARN_UNINITIALIZED_AUTOS = YES_AGGRESSIVE;
				GCC_WARN_UNUSED_FUNCTION = YES;
				GCC_WARN_UNUSED_VARIABLE = YES;
				IPHONEOS_DEPLOYMENT_TARGET = 14.5;
				MTL_ENABLE_DEBUG_INFO = INCLUDE_SOURCE;
				MTL_FAST_MATH = YES;
				ONLY_ACTIVE_ARCH = YES;
				SDKROOT = iphoneos;
				SWIFT_ACTIVE_COMPILATION_CONDITIONS = DEBUG;
				SWIFT_OPTIMIZATION_LEVEL = "-Onone";
			};
			name = Debug;
		};
		438DD75826EE84C200F3BC30 /* Release */ = {
			isa = XCBuildConfiguration;
			buildSettings = {
				ALWAYS_SEARCH_USER_PATHS = NO;
				CLANG_ANALYZER_NONNULL = YES;
				CLANG_ANALYZER_NUMBER_OBJECT_CONVERSION = YES_AGGRESSIVE;
				CLANG_CXX_LANGUAGE_STANDARD = "gnu++14";
				CLANG_CXX_LIBRARY = "libc++";
				CLANG_ENABLE_MODULES = YES;
				CLANG_ENABLE_OBJC_ARC = YES;
				CLANG_ENABLE_OBJC_WEAK = YES;
				CLANG_WARN_BLOCK_CAPTURE_AUTORELEASING = YES;
				CLANG_WARN_BOOL_CONVERSION = YES;
				CLANG_WARN_COMMA = YES;
				CLANG_WARN_CONSTANT_CONVERSION = YES;
				CLANG_WARN_DEPRECATED_OBJC_IMPLEMENTATIONS = YES;
				CLANG_WARN_DIRECT_OBJC_ISA_USAGE = YES_ERROR;
				CLANG_WARN_DOCUMENTATION_COMMENTS = YES;
				CLANG_WARN_EMPTY_BODY = YES;
				CLANG_WARN_ENUM_CONVERSION = YES;
				CLANG_WARN_INFINITE_RECURSION = YES;
				CLANG_WARN_INT_CONVERSION = YES;
				CLANG_WARN_NON_LITERAL_NULL_CONVERSION = YES;
				CLANG_WARN_OBJC_IMPLICIT_RETAIN_SELF = YES;
				CLANG_WARN_OBJC_LITERAL_CONVERSION = YES;
				CLANG_WARN_OBJC_ROOT_CLASS = YES_ERROR;
				CLANG_WARN_QUOTED_INCLUDE_IN_FRAMEWORK_HEADER = YES;
				CLANG_WARN_RANGE_LOOP_ANALYSIS = YES;
				CLANG_WARN_STRICT_PROTOTYPES = YES;
				CLANG_WARN_SUSPICIOUS_MOVE = YES;
				CLANG_WARN_UNGUARDED_AVAILABILITY = YES_AGGRESSIVE;
				CLANG_WARN_UNREACHABLE_CODE = YES;
				CLANG_WARN__DUPLICATE_METHOD_MATCH = YES;
				COPY_PHASE_STRIP = NO;
				DEBUG_INFORMATION_FORMAT = "dwarf-with-dsym";
				ENABLE_NS_ASSERTIONS = NO;
				ENABLE_STRICT_OBJC_MSGSEND = YES;
				GCC_C_LANGUAGE_STANDARD = gnu11;
				GCC_NO_COMMON_BLOCKS = YES;
				GCC_WARN_64_TO_32_BIT_CONVERSION = YES;
				GCC_WARN_ABOUT_RETURN_TYPE = YES_ERROR;
				GCC_WARN_UNDECLARED_SELECTOR = YES;
				GCC_WARN_UNINITIALIZED_AUTOS = YES_AGGRESSIVE;
				GCC_WARN_UNUSED_FUNCTION = YES;
				GCC_WARN_UNUSED_VARIABLE = YES;
				IPHONEOS_DEPLOYMENT_TARGET = 14.5;
				MTL_ENABLE_DEBUG_INFO = NO;
				MTL_FAST_MATH = YES;
				SDKROOT = iphoneos;
				SWIFT_COMPILATION_MODE = wholemodule;
				SWIFT_OPTIMIZATION_LEVEL = "-O";
				VALIDATE_PRODUCT = YES;
			};
			name = Release;
		};
		438DD75A26EE84C200F3BC30 /* Debug */ = {
			isa = XCBuildConfiguration;
			buildSettings = {
				ASSETCATALOG_COMPILER_APPICON_NAME = AppIcon;
				ASSETCATALOG_COMPILER_GLOBAL_ACCENT_COLOR_NAME = AccentColor;
				CODE_SIGN_STYLE = Automatic;
				DEVELOPMENT_TEAM = MWXSQYX5L3;
				INFOPLIST_FILE = CalculationOfFigureApp/Info.plist;
				LD_RUNPATH_SEARCH_PATHS = (
					"$(inherited)",
					"@executable_path/Frameworks",
				);
				PRODUCT_BUNDLE_IDENTIFIER = "Izyumets-Aleksandr.CalculationOfFigureApp";
				PRODUCT_NAME = "$(TARGET_NAME)";
				SWIFT_VERSION = 5.0;
				TARGETED_DEVICE_FAMILY = 1;
			};
			name = Debug;
		};
		438DD75B26EE84C200F3BC30 /* Release */ = {
			isa = XCBuildConfiguration;
			buildSettings = {
				ASSETCATALOG_COMPILER_APPICON_NAME = AppIcon;
				ASSETCATALOG_COMPILER_GLOBAL_ACCENT_COLOR_NAME = AccentColor;
				CODE_SIGN_STYLE = Automatic;
				DEVELOPMENT_TEAM = MWXSQYX5L3;
				INFOPLIST_FILE = CalculationOfFigureApp/Info.plist;
				LD_RUNPATH_SEARCH_PATHS = (
					"$(inherited)",
					"@executable_path/Frameworks",
				);
				PRODUCT_BUNDLE_IDENTIFIER = "Izyumets-Aleksandr.CalculationOfFigureApp";
				PRODUCT_NAME = "$(TARGET_NAME)";
				SWIFT_VERSION = 5.0;
				TARGETED_DEVICE_FAMILY = 1;
			};
			name = Release;
		};
/* End XCBuildConfiguration section */

/* Begin XCConfigurationList section */
		438DD74026EE84C000F3BC30 /* Build configuration list for PBXProject "CalculationOfFigureApp" */ = {
			isa = XCConfigurationList;
			buildConfigurations = (
				438DD75726EE84C200F3BC30 /* Debug */,
				438DD75826EE84C200F3BC30 /* Release */,
			);
			defaultConfigurationIsVisible = 0;
			defaultConfigurationName = Release;
		};
		438DD75926EE84C200F3BC30 /* Build configuration list for PBXNativeTarget "CalculationOfFigureApp" */ = {
			isa = XCConfigurationList;
			buildConfigurations = (
				438DD75A26EE84C200F3BC30 /* Debug */,
				438DD75B26EE84C200F3BC30 /* Release */,
			);
			defaultConfigurationIsVisible = 0;
			defaultConfigurationName = Release;
		};
/* End XCConfigurationList section */
	};
	rootObject = 438DD73D26EE84C000F3BC30 /* Project object */;
}
